{
  "requires": true,
  "lockfileVersion": 1,
  "dependencies": {
    "aframe-chromakey-material": {
      "version": "1.1.1",
      "resolved": "https://registry.npmjs.org/aframe-chromakey-material/-/aframe-chromakey-material-1.1.1.tgz",
      "integrity": "sha1-GlNtOsRYaYV+dxcPK8bjmSrtcas="
    }
  }
}
